// !$*UTF8*$!
{
	archiveVersion = 1;
	classes = {
	};
	objectVersion = 46;
	objects = {

/* Begin PBXBuildFile section */
		13B07FBC1A68108700A75B9A /* AppDelegate.mm in Sources */ = {isa = PBXBuildFile; fileRef = 13B07FB01A68108700A75B9A /* AppDelegate.mm */; };
		13B07FBF1A68108700A75B9A /* Images.xcassets in Resources */ = {isa = PBXBuildFile; fileRef = 13B07FB51A68108700A75B9A /* Images.xcassets */; };
		13B07FC11A68108700A75B9A /* main.m in Sources */ = {isa = PBXBuildFile; fileRef = 13B07FB71A68108700A75B9A /* main.m */; };
		192FDDE2018C42C597B034DF /* BlueskyNSE.appex in Copy Files */ = {isa = PBXBuildFile; fileRef = 89826BE86C1C4AA9B981CED0 /* BlueskyNSE.appex */; };
		3575FE0FC49049F8BC0F158F /* ViewController.swift in Sources */ = {isa = PBXBuildFile; fileRef = 99A58C9985CB4D36BDF6E080 /* ViewController.swift */; };
		36278E07B1714B5EB3CCC99F /* InterVariable.ttf in Resources */ = {isa = PBXBuildFile; fileRef = 6F52C845D8DA43DDBAF4D301 /* InterVariable.ttf */; };
		37906F0E17A244C9A4C8C692 /* InterVariable-Italic.ttf in Resources */ = {isa = PBXBuildFile; fileRef = DE1B00C1345444A9BDDE1587 /* InterVariable-Italic.ttf */; };
		3E461D99554A48A4959DE609 /* SplashScreen.storyboard in Resources */ = {isa = PBXBuildFile; fileRef = AA286B85B6C04FC6940260E9 /* SplashScreen.storyboard */; };
		5224D3010E6549EFB0DAFC3A /* BlueskyClip.app in Embed App Clips */ = {isa = PBXBuildFile; fileRef = 5F5A117D81AB4A6396A47ED4 /* BlueskyClip.app */; };
		6077398161604FF4AD04F89F /* Inter-Regular.otf in Resources */ = {isa = PBXBuildFile; fileRef = 84B26990AA8D47109EB7AA24 /* Inter-Regular.otf */; };
		62B6658B794B44D3A302C88F /* ShareViewController.swift in Sources */ = {isa = PBXBuildFile; fileRef = 99F7C95A534C4319B169C59F /* ShareViewController.swift */; };
		7B62E8531B94408CBC3A68E6 /* Share-with-Bluesky.appex in Copy Files */ = {isa = PBXBuildFile; fileRef = AFE6791F5E61447185F893B0 /* Share-with-Bluesky.appex */; };
		8B75B9FD66034EBFA46096B2 /* NotificationService.swift in Sources */ = {isa = PBXBuildFile; fileRef = 015864D107B04BD0891F3E3E /* NotificationService.swift */; };
		8FB0FB98B6F642A2803E2379 /* AppDelegate.swift in Sources */ = {isa = PBXBuildFile; fileRef = 6684B651583E4B478B4A09BB /* AppDelegate.swift */; };
		95C73F7541B949098456C8C0 /* dm.aiff in Sources */ = {isa = PBXBuildFile; fileRef = 61BAF82A6A4C4E8F8387AE7A /* dm.aiff */; };
		96905EF65AED1B983A6B3ABC /* libPods-Bluesky.a in Frameworks */ = {isa = PBXBuildFile; fileRef = 58EEBF8E8E6FB1BC6CAF49B5 /* libPods-Bluesky.a */; };
		986BA3B18CB54FB7B270D45C /* Inter-Italic.otf in Resources */ = {isa = PBXBuildFile; fileRef = 0891A3CA76344595B4F843E7 /* Inter-Italic.otf */; };
		AB02F1A8C27149D5A3955E38 /* Inter-SemiBold.otf in Resources */ = {isa = PBXBuildFile; fileRef = F1C885289BFD469AAD67D607 /* Inter-SemiBold.otf */; };
		B18059E884C0ABDD17F3DC3D /* ExpoModulesProvider.swift in Sources */ = {isa = PBXBuildFile; fileRef = FAC715A2D49A985799AEE119 /* ExpoModulesProvider.swift */; };
		BABA576C4CB04382B1FFFFDB /* Inter-SemiBoldItalic.otf in Resources */ = {isa = PBXBuildFile; fileRef = 2405CA588ACF4F9B985D909E /* Inter-SemiBoldItalic.otf */; };
		BB2F792D24A3F905000567C9 /* Expo.plist in Resources */ = {isa = PBXBuildFile; fileRef = BB2F792C24A3F905000567C9 /* Expo.plist */; };
		C87DA9DAA37B40B096524B8F /* Inter-ExtraBoldItalic.otf in Resources */ = {isa = PBXBuildFile; fileRef = B7822F5250434AD8958C2D30 /* Inter-ExtraBoldItalic.otf */; };
		D0E0B716D8734821B7D34477 /* noop-file.swift in Sources */ = {isa = PBXBuildFile; fileRef = 8F492538703F44508322BAE0 /* noop-file.swift */; };
		DE59B7C97A9947219AF7D57A /* PrivacyInfo.xcprivacy in Resources */ = {isa = PBXBuildFile; fileRef = 36F30BF0D63A4307992787B7 /* PrivacyInfo.xcprivacy */; };
		F0BB70161FC24FB09679D307 /* Images.xcassets in Resources */ = {isa = PBXBuildFile; fileRef = B355CAC0503F4B7FBE59A2CB /* Images.xcassets */; };
		F3463ED017A4409D8F4F7BC8 /* dm.mp3 in Resources */ = {isa = PBXBuildFile; fileRef = 93A9639EF19B4450B95573AD /* dm.mp3 */; };
		F7DF57B0EAA34BFA833FADF6 /* Inter-ExtraBold.otf in Resources */ = {isa = PBXBuildFile; fileRef = 5DF4E31FD19A44368175B3CE /* Inter-ExtraBold.otf */; };
/* End PBXBuildFile section */

/* Begin PBXContainerItemProxy section */
		B480CD23A4F54399805736DD /* PBXContainerItemProxy */ = {
			isa = PBXContainerItemProxy;
			containerPortal = 83CBB9F71A601CBA00E9B192 /* Project object */;
			proxyType = 1;
			remoteGlobalIDString = A9284ED1FFAE443F9088F512;
			remoteInfo = BlueskyClip;
		};
/* End PBXContainerItemProxy section */

/* Begin PBXCopyFilesBuildPhase section */
		58CE790C198141B4B70EF733 /* Copy Files */ = {
			isa = PBXCopyFilesBuildPhase;
			buildActionMask = 2147483647;
			dstPath = "";
			dstSubfolderSpec = 13;
			files = (
				192FDDE2018C42C597B034DF /* BlueskyNSE.appex in Copy Files */,
				7B62E8531B94408CBC3A68E6 /* Share-with-Bluesky.appex in Copy Files */,
			);
			name = "Copy Files";
			runOnlyForDeploymentPostprocessing = 0;
		};
		5B4DFA650C4F461898735A86 /* Copy Files */ = {
			isa = PBXCopyFilesBuildPhase;
			buildActionMask = 2147483647;
			dstPath = "";
			dstSubfolderSpec = 13;
			files = (
			);
			name = "Copy Files";
			runOnlyForDeploymentPostprocessing = 0;
		};
		AF5E8DA7A5CA4C6EBCFC9D76 /* Embed App Clips */ = {
			isa = PBXCopyFilesBuildPhase;
			buildActionMask = 2147483647;
			dstPath = AppClips;
			dstSubfolderSpec = 1;
			files = (
				5224D3010E6549EFB0DAFC3A /* BlueskyClip.app in Embed App Clips */,
			);
			name = "Embed App Clips";
			runOnlyForDeploymentPostprocessing = 0;
		};
/* End PBXCopyFilesBuildPhase section */

/* Begin PBXFileReference section */
		015864D107B04BD0891F3E3E /* NotificationService.swift */ = {isa = PBXFileReference; explicitFileType = undefined; fileEncoding = 4; includeInIndex = 0; lastKnownFileType = sourcecode.swift; name = NotificationService.swift; path = BlueskyNSE/NotificationService.swift; sourceTree = "<group>"; };
		0891A3CA76344595B4F843E7 /* Inter-Italic.otf */ = {isa = PBXFileReference; explicitFileType = undefined; fileEncoding = undefined; includeInIndex = 0; lastKnownFileType = unknown; name = "Inter-Italic.otf"; path = "../assets/fonts/inter/Inter-Italic.otf"; sourceTree = "<group>"; };
		0C2AD4ABC90341178B39B9F9 /* Bluesky-Bridging-Header.h */ = {isa = PBXFileReference; explicitFileType = undefined; fileEncoding = 4; includeInIndex = 0; lastKnownFileType = sourcecode.c.h; name = "Bluesky-Bridging-Header.h"; path = "Bluesky/Bluesky-Bridging-Header.h"; sourceTree = "<group>"; };
		13B07F961A680F5B00A75B9A /* Bluesky.app */ = {isa = PBXFileReference; explicitFileType = wrapper.application; includeInIndex = 0; path = Bluesky.app; sourceTree = BUILT_PRODUCTS_DIR; };
		13B07FAF1A68108700A75B9A /* AppDelegate.h */ = {isa = PBXFileReference; fileEncoding = 4; lastKnownFileType = sourcecode.c.h; name = AppDelegate.h; path = Bluesky/AppDelegate.h; sourceTree = "<group>"; };
		13B07FB01A68108700A75B9A /* AppDelegate.mm */ = {isa = PBXFileReference; fileEncoding = 4; lastKnownFileType = sourcecode.cpp.objcpp; name = AppDelegate.mm; path = Bluesky/AppDelegate.mm; sourceTree = "<group>"; };
		13B07FB51A68108700A75B9A /* Images.xcassets */ = {isa = PBXFileReference; lastKnownFileType = folder.assetcatalog; name = Images.xcassets; path = Bluesky/Images.xcassets; sourceTree = "<group>"; };
		13B07FB61A68108700A75B9A /* Info.plist */ = {isa = PBXFileReference; fileEncoding = 4; lastKnownFileType = text.plist.xml; name = Info.plist; path = Bluesky/Info.plist; sourceTree = "<group>"; };
		13B07FB71A68108700A75B9A /* main.m */ = {isa = PBXFileReference; fileEncoding = 4; lastKnownFileType = sourcecode.c.objc; name = main.m; path = Bluesky/main.m; sourceTree = "<group>"; };
		2405CA588ACF4F9B985D909E /* Inter-SemiBoldItalic.otf */ = {isa = PBXFileReference; explicitFileType = undefined; fileEncoding = undefined; includeInIndex = 0; lastKnownFileType = unknown; name = "Inter-SemiBoldItalic.otf"; path = "../assets/fonts/inter/Inter-SemiBoldItalic.otf"; sourceTree = "<group>"; };
		36F30BF0D63A4307992787B7 /* PrivacyInfo.xcprivacy */ = {isa = PBXFileReference; explicitFileType = undefined; fileEncoding = undefined; includeInIndex = 0; lastKnownFileType = unknown; name = PrivacyInfo.xcprivacy; path = Bluesky/PrivacyInfo.xcprivacy; sourceTree = "<group>"; };
		58EEBF8E8E6FB1BC6CAF49B5 /* libPods-Bluesky.a */ = {isa = PBXFileReference; explicitFileType = archive.ar; includeInIndex = 0; path = "libPods-Bluesky.a"; sourceTree = BUILT_PRODUCTS_DIR; };
		5DF4E31FD19A44368175B3CE /* Inter-ExtraBold.otf */ = {isa = PBXFileReference; explicitFileType = undefined; fileEncoding = undefined; includeInIndex = 0; lastKnownFileType = unknown; name = "Inter-ExtraBold.otf"; path = "../assets/fonts/inter/Inter-ExtraBold.otf"; sourceTree = "<group>"; };
		5F5A117D81AB4A6396A47ED4 /* BlueskyClip.app */ = {isa = PBXFileReference; explicitFileType = wrapper.application; fileEncoding = undefined; includeInIndex = 0; lastKnownFileType = undefined; name = BlueskyClip.app; path = BlueskyClip.app; sourceTree = BUILT_PRODUCTS_DIR; };
		61BAF82A6A4C4E8F8387AE7A /* dm.aiff */ = {isa = PBXFileReference; explicitFileType = undefined; fileEncoding = undefined; includeInIndex = 0; lastKnownFileType = unknown; name = dm.aiff; path = BlueskyNSE/dm.aiff; sourceTree = "<group>"; };
		6684B651583E4B478B4A09BB /* AppDelegate.swift */ = {isa = PBXFileReference; explicitFileType = undefined; fileEncoding = 4; includeInIndex = 0; lastKnownFileType = sourcecode.swift; name = AppDelegate.swift; path = BlueskyClip/AppDelegate.swift; sourceTree = "<group>"; };
		6C2E3173556A471DD304B334 /* Pods-Bluesky.debug.xcconfig */ = {isa = PBXFileReference; includeInIndex = 1; lastKnownFileType = text.xcconfig; name = "Pods-Bluesky.debug.xcconfig"; path = "Target Support Files/Pods-Bluesky/Pods-Bluesky.debug.xcconfig"; sourceTree = "<group>"; };
		6F52C845D8DA43DDBAF4D301 /* InterVariable.ttf */ = {isa = PBXFileReference; explicitFileType = undefined; fileEncoding = undefined; includeInIndex = 0; lastKnownFileType = unknown; name = InterVariable.ttf; path = ../assets/fonts/inter/InterVariable.ttf; sourceTree = "<group>"; };
		7A4D352CD337FB3A3BF06240 /* Pods-Bluesky.release.xcconfig */ = {isa = PBXFileReference; includeInIndex = 1; lastKnownFileType = text.xcconfig; name = "Pods-Bluesky.release.xcconfig"; path = "Target Support Files/Pods-Bluesky/Pods-Bluesky.release.xcconfig"; sourceTree = "<group>"; };
		84B26990AA8D47109EB7AA24 /* Inter-Regular.otf */ = {isa = PBXFileReference; explicitFileType = undefined; fileEncoding = undefined; includeInIndex = 0; lastKnownFileType = unknown; name = "Inter-Regular.otf"; path = "../assets/fonts/inter/Inter-Regular.otf"; sourceTree = "<group>"; };
		89826BE86C1C4AA9B981CED0 /* BlueskyNSE.appex */ = {isa = PBXFileReference; explicitFileType = "wrapper.app-extension"; fileEncoding = undefined; includeInIndex = 0; lastKnownFileType = undefined; name = BlueskyNSE.appex; path = BlueskyNSE.appex; sourceTree = BUILT_PRODUCTS_DIR; };
		8F492538703F44508322BAE0 /* noop-file.swift */ = {isa = PBXFileReference; explicitFileType = undefined; fileEncoding = 4; includeInIndex = 0; lastKnownFileType = sourcecode.swift; name = "noop-file.swift"; path = "Bluesky/noop-file.swift"; sourceTree = "<group>"; };
		93A9639EF19B4450B95573AD /* dm.mp3 */ = {isa = PBXFileReference; explicitFileType = undefined; fileEncoding = undefined; includeInIndex = 0; lastKnownFileType = unknown; name = dm.mp3; path = Bluesky/dm.mp3; sourceTree = "<group>"; };
		99A58C9985CB4D36BDF6E080 /* ViewController.swift */ = {isa = PBXFileReference; explicitFileType = undefined; fileEncoding = 4; includeInIndex = 0; lastKnownFileType = sourcecode.swift; name = ViewController.swift; path = BlueskyClip/ViewController.swift; sourceTree = "<group>"; };
		99F7C95A534C4319B169C59F /* ShareViewController.swift */ = {isa = PBXFileReference; explicitFileType = undefined; fileEncoding = 4; includeInIndex = 0; lastKnownFileType = sourcecode.swift; name = ShareViewController.swift; path = "Share-with-Bluesky/ShareViewController.swift"; sourceTree = "<group>"; };
		AA286B85B6C04FC6940260E9 /* SplashScreen.storyboard */ = {isa = PBXFileReference; fileEncoding = 4; lastKnownFileType = file.storyboard; name = SplashScreen.storyboard; path = Bluesky/SplashScreen.storyboard; sourceTree = "<group>"; };
		AFE6791F5E61447185F893B0 /* Share-with-Bluesky.appex */ = {isa = PBXFileReference; explicitFileType = "wrapper.app-extension"; fileEncoding = undefined; includeInIndex = 0; lastKnownFileType = undefined; name = "Share-with-Bluesky.appex"; path = "Share-with-Bluesky.appex"; sourceTree = BUILT_PRODUCTS_DIR; };
		B355CAC0503F4B7FBE59A2CB /* Images.xcassets */ = {isa = PBXFileReference; explicitFileType = undefined; fileEncoding = undefined; includeInIndex = 0; lastKnownFileType = folder.assetcatalog; name = Images.xcassets; path = BlueskyClip/Images.xcassets; sourceTree = "<group>"; };
		B7822F5250434AD8958C2D30 /* Inter-ExtraBoldItalic.otf */ = {isa = PBXFileReference; explicitFileType = undefined; fileEncoding = undefined; includeInIndex = 0; lastKnownFileType = unknown; name = "Inter-ExtraBoldItalic.otf"; path = "../assets/fonts/inter/Inter-ExtraBoldItalic.otf"; sourceTree = "<group>"; };
		BB2F792C24A3F905000567C9 /* Expo.plist */ = {isa = PBXFileReference; fileEncoding = 4; lastKnownFileType = text.plist.xml; path = Expo.plist; sourceTree = "<group>"; };
		DE1B00C1345444A9BDDE1587 /* InterVariable-Italic.ttf */ = {isa = PBXFileReference; explicitFileType = undefined; fileEncoding = undefined; includeInIndex = 0; lastKnownFileType = unknown; name = "InterVariable-Italic.ttf"; path = "../assets/fonts/inter/InterVariable-Italic.ttf"; sourceTree = "<group>"; };
		ED297162215061F000B7C4FE /* JavaScriptCore.framework */ = {isa = PBXFileReference; lastKnownFileType = wrapper.framework; name = JavaScriptCore.framework; path = System/Library/Frameworks/JavaScriptCore.framework; sourceTree = SDKROOT; };
		F1C885289BFD469AAD67D607 /* Inter-SemiBold.otf */ = {isa = PBXFileReference; explicitFileType = undefined; fileEncoding = undefined; includeInIndex = 0; lastKnownFileType = unknown; name = "Inter-SemiBold.otf"; path = "../assets/fonts/inter/Inter-SemiBold.otf"; sourceTree = "<group>"; };
		FAC715A2D49A985799AEE119 /* ExpoModulesProvider.swift */ = {isa = PBXFileReference; includeInIndex = 1; lastKnownFileType = sourcecode.swift; name = ExpoModulesProvider.swift; path = "Pods/Target Support Files/Pods-Bluesky/ExpoModulesProvider.swift"; sourceTree = "<group>"; };
/* End PBXFileReference section */

/* Begin PBXFrameworksBuildPhase section */
		13B07F8C1A680F5B00A75B9A /* Frameworks */ = {
			isa = PBXFrameworksBuildPhase;
			buildActionMask = 2147483647;
			files = (
				96905EF65AED1B983A6B3ABC /* libPods-Bluesky.a in Frameworks */,
			);
			runOnlyForDeploymentPostprocessing = 0;
		};
/* End PBXFrameworksBuildPhase section */

/* Begin PBXGroup section */
		13B07FAE1A68108700A75B9A /* Bluesky */ = {
			isa = PBXGroup;
			children = (
				BB2F792B24A3F905000567C9 /* Supporting */,
				13B07FAF1A68108700A75B9A /* AppDelegate.h */,
				13B07FB01A68108700A75B9A /* AppDelegate.mm */,
				13B07FB51A68108700A75B9A /* Images.xcassets */,
				13B07FB61A68108700A75B9A /* Info.plist */,
				13B07FB71A68108700A75B9A /* main.m */,
				AA286B85B6C04FC6940260E9 /* SplashScreen.storyboard */,
				36F30BF0D63A4307992787B7 /* PrivacyInfo.xcprivacy */,
				8F492538703F44508322BAE0 /* noop-file.swift */,
				0C2AD4ABC90341178B39B9F9 /* Bluesky-Bridging-Header.h */,
				93A9639EF19B4450B95573AD /* dm.mp3 */,
			);
			name = Bluesky;
			sourceTree = "<group>";
		};
		2D16E6871FA4F8E400B85C8A /* Frameworks */ = {
			isa = PBXGroup;
			children = (
				ED297162215061F000B7C4FE /* JavaScriptCore.framework */,
				58EEBF8E8E6FB1BC6CAF49B5 /* libPods-Bluesky.a */,
			);
			name = Frameworks;
			sourceTree = "<group>";
		};
		832341AE1AAA6A7D00B99B32 /* Libraries */ = {
			isa = PBXGroup;
			children = (
			);
			name = Libraries;
			sourceTree = "<group>";
		};
		83CBB9F61A601CBA00E9B192 = {
			isa = PBXGroup;
			children = (
				13B07FAE1A68108700A75B9A /* Bluesky */,
				832341AE1AAA6A7D00B99B32 /* Libraries */,
				83CBBA001A601CBA00E9B192 /* Products */,
				2D16E6871FA4F8E400B85C8A /* Frameworks */,
				D65327D7A22EEC0BE12398D9 /* Pods */,
				D7E4C46ADA2E9064B798F356 /* ExpoModulesProviders */,
				DFBD12CC6A594EC891E170D7 /* Resources */,
			);
			indentWidth = 2;
			sourceTree = "<group>";
			tabWidth = 2;
			usesTabs = 0;
		};
		83CBBA001A601CBA00E9B192 /* Products */ = {
			isa = PBXGroup;
			children = (
				13B07F961A680F5B00A75B9A /* Bluesky.app */,
				89826BE86C1C4AA9B981CED0 /* BlueskyNSE.appex */,
				AFE6791F5E61447185F893B0 /* Share-with-Bluesky.appex */,
				5F5A117D81AB4A6396A47ED4 /* BlueskyClip.app */,
			);
			name = Products;
			sourceTree = "<group>";
		};
		92DBD88DE9BF7D494EA9DA96 /* Bluesky */ = {
			isa = PBXGroup;
			children = (
				FAC715A2D49A985799AEE119 /* ExpoModulesProvider.swift */,
			);
			name = Bluesky;
			sourceTree = "<group>";
		};
		BB2F792B24A3F905000567C9 /* Supporting */ = {
			isa = PBXGroup;
			children = (
				BB2F792C24A3F905000567C9 /* Expo.plist */,
			);
			name = Supporting;
			path = Bluesky/Supporting;
			sourceTree = "<group>";
		};
		D65327D7A22EEC0BE12398D9 /* Pods */ = {
			isa = PBXGroup;
			children = (
				6C2E3173556A471DD304B334 /* Pods-Bluesky.debug.xcconfig */,
				7A4D352CD337FB3A3BF06240 /* Pods-Bluesky.release.xcconfig */,
			);
			path = Pods;
			sourceTree = "<group>";
		};
		D7E4C46ADA2E9064B798F356 /* ExpoModulesProviders */ = {
			isa = PBXGroup;
			children = (
				92DBD88DE9BF7D494EA9DA96 /* Bluesky */,
			);
			name = ExpoModulesProviders;
			sourceTree = "<group>";
		};
		DFBD12CC6A594EC891E170D7 /* Resources */ = {
			isa = PBXGroup;
			children = (
				6F52C845D8DA43DDBAF4D301 /* InterVariable.ttf */,
				DE1B00C1345444A9BDDE1587 /* InterVariable-Italic.ttf */,
				84B26990AA8D47109EB7AA24 /* Inter-Regular.otf */,
				0891A3CA76344595B4F843E7 /* Inter-Italic.otf */,
				F1C885289BFD469AAD67D607 /* Inter-SemiBold.otf */,
				2405CA588ACF4F9B985D909E /* Inter-SemiBoldItalic.otf */,
				5DF4E31FD19A44368175B3CE /* Inter-ExtraBold.otf */,
				B7822F5250434AD8958C2D30 /* Inter-ExtraBoldItalic.otf */,
			);
			name = Resources;
			path = "";
			sourceTree = "<group>";
		};
/* End PBXGroup section */

/* Begin PBXNativeTarget section */
		13B07F861A680F5B00A75B9A /* Bluesky */ = {
			isa = PBXNativeTarget;
			buildConfigurationList = 13B07F931A680F5B00A75B9A /* Build configuration list for PBXNativeTarget "Bluesky" */;
			buildPhases = (
				08A4A3CD28434E44B6B9DE2E /* [CP] Check Pods Manifest.lock */,
				E88246D1044845EA2009EACB /* [Expo] Configure project */,
				13B07F871A680F5B00A75B9A /* Sources */,
				13B07F8C1A680F5B00A75B9A /* Frameworks */,
				13B07F8E1A680F5B00A75B9A /* Resources */,
				00DD1BFF1BD5951E006B06BC /* Bundle React Native code and images */,
				800E24972A6A228C8D4807E9 /* [CP] Copy Pods Resources */,
				58CE790C198141B4B70EF733 /* Copy Files */,
				5B4DFA650C4F461898735A86 /* Copy Files */,
				AF5E8DA7A5CA4C6EBCFC9D76 /* Embed App Clips */,
				A5331C1F40547E3BE880E602 /* [CP] Embed Pods Frameworks */,
			);
			buildRules = (
			);
			dependencies = (
				C5E0DC0408BD4B0386CAB4CF /* PBXTargetDependency */,
			);
			name = Bluesky;
			productName = Bluesky;
			productReference = 13B07F961A680F5B00A75B9A /* Bluesky.app */;
			productType = "com.apple.product-type.application";
		};
		620F4E7219474C588CB77E4B /* BlueskyNSE */ = {
			isa = PBXNativeTarget;
			buildConfigurationList = ABE2910A134B472DB6EECAA4 /* Build configuration list for PBXNativeTarget "BlueskyNSE" */;
			buildPhases = (
				0EE9577E99CC4138AD696F85 /* Sources */,
				0C530B27537246AC8F64B36D /* Resources */,
			);
			buildRules = (
			);
			dependencies = (
			);
			name = BlueskyNSE;
			productName = BlueskyNSE;
			productReference = 89826BE86C1C4AA9B981CED0 /* BlueskyNSE.appex */;
			productType = "com.apple.product-type.app-extension";
		};
		A9284ED1FFAE443F9088F512 /* BlueskyClip */ = {
			isa = PBXNativeTarget;
			buildConfigurationList = 8DFBBEDFD20E400AAAC0A39B /* Build configuration list for PBXNativeTarget "BlueskyClip" */;
			buildPhases = (
				CA054B563B7D435DBCD3ED75 /* Sources */,
				17CAB8A5785B4C87914FF026 /* Resources */,
			);
			buildRules = (
			);
			dependencies = (
			);
			name = BlueskyClip;
			productName = BlueskyClip;
			productReference = 5F5A117D81AB4A6396A47ED4 /* BlueskyClip.app */;
			productType = "com.apple.product-type.application.on-demand-install-capable";
		};
		CAE791B6A4D44C6AAB3A151F /* Share-with-Bluesky */ = {
			isa = PBXNativeTarget;
			buildConfigurationList = 69DAC26A98894D7BBF3312A8 /* Build configuration list for PBXNativeTarget "Share-with-Bluesky" */;
			buildPhases = (
				F12873DE983345248967882C /* Sources */,
				744CFCFE84BC431CBB80B851 /* Resources */,
			);
			buildRules = (
			);
			dependencies = (
			);
			name = "Share-with-Bluesky";
			productName = "Share-with-Bluesky";
			productReference = AFE6791F5E61447185F893B0 /* Share-with-Bluesky.appex */;
			productType = "com.apple.product-type.app-extension";
		};
/* End PBXNativeTarget section */

/* Begin PBXProject section */
		83CBB9F71A601CBA00E9B192 /* Project object */ = {
			isa = PBXProject;
			attributes = {
				LastUpgradeCheck = 1130;
				TargetAttributes = {
					13B07F861A680F5B00A75B9A = {
						DevelopmentTeam = "L5RVT7J8CV";
						LastSwiftMigration = 1250;
						ProvisioningStyle = Automatic;
					};
					undefined = {
						DevelopmentTeam = B3LX46C5HS;
					};
					620F4E7219474C588CB77E4B = {
						DevelopmentTeam = "L5RVT7J8CV";
						ProvisioningStyle = Automatic;
					};
					A9284ED1FFAE443F9088F512 = {
						DevelopmentTeam = "L5RVT7J8CV";
						ProvisioningStyle = Automatic;
					};
					CAE791B6A4D44C6AAB3A151F = {
						DevelopmentTeam = "L5RVT7J8CV";
						ProvisioningStyle = Automatic;
					};
				};
			};
			buildConfigurationList = 83CBB9FA1A601CBA00E9B192 /* Build configuration list for PBXProject "Bluesky" */;
			compatibilityVersion = "Xcode 3.2";
			developmentRegion = en;
			hasScannedForEncodings = 0;
			knownRegions = (
				en,
				Base,
			);
			mainGroup = 83CBB9F61A601CBA00E9B192;
			productRefGroup = 83CBBA001A601CBA00E9B192 /* Products */;
			projectDirPath = "";
			projectRoot = "";
			targets = (
				13B07F861A680F5B00A75B9A /* Bluesky */,
				620F4E7219474C588CB77E4B /* BlueskyNSE */,
				CAE791B6A4D44C6AAB3A151F /* Share-with-Bluesky */,
				A9284ED1FFAE443F9088F512 /* BlueskyClip */,
			);
		};
/* End PBXProject section */

/* Begin PBXResourcesBuildPhase section */
		0C530B27537246AC8F64B36D /* Resources */ = {
			isa = PBXResourcesBuildPhase;
			buildActionMask = 2147483647;
			files = (
			);
			runOnlyForDeploymentPostprocessing = 0;
		};
		13B07F8E1A680F5B00A75B9A /* Resources */ = {
			isa = PBXResourcesBuildPhase;
			buildActionMask = 2147483647;
			files = (
				BB2F792D24A3F905000567C9 /* Expo.plist in Resources */,
				13B07FBF1A68108700A75B9A /* Images.xcassets in Resources */,
				3E461D99554A48A4959DE609 /* SplashScreen.storyboard in Resources */,
				DE59B7C97A9947219AF7D57A /* PrivacyInfo.xcprivacy in Resources */,
				36278E07B1714B5EB3CCC99F /* InterVariable.ttf in Resources */,
				37906F0E17A244C9A4C8C692 /* InterVariable-Italic.ttf in Resources */,
				6077398161604FF4AD04F89F /* Inter-Regular.otf in Resources */,
				986BA3B18CB54FB7B270D45C /* Inter-Italic.otf in Resources */,
				AB02F1A8C27149D5A3955E38 /* Inter-SemiBold.otf in Resources */,
				BABA576C4CB04382B1FFFFDB /* Inter-SemiBoldItalic.otf in Resources */,
				F7DF57B0EAA34BFA833FADF6 /* Inter-ExtraBold.otf in Resources */,
				C87DA9DAA37B40B096524B8F /* Inter-ExtraBoldItalic.otf in Resources */,
				F3463ED017A4409D8F4F7BC8 /* dm.mp3 in Resources */,
			);
			runOnlyForDeploymentPostprocessing = 0;
		};
		17CAB8A5785B4C87914FF026 /* Resources */ = {
			isa = PBXResourcesBuildPhase;
			buildActionMask = 2147483647;
			files = (
				F0BB70161FC24FB09679D307 /* Images.xcassets in Resources */,
			);
			runOnlyForDeploymentPostprocessing = 0;
		};
		744CFCFE84BC431CBB80B851 /* Resources */ = {
			isa = PBXResourcesBuildPhase;
			buildActionMask = 2147483647;
			files = (
			);
			runOnlyForDeploymentPostprocessing = 0;
		};
/* End PBXResourcesBuildPhase section */

/* Begin PBXShellScriptBuildPhase section */
		00DD1BFF1BD5951E006B06BC /* Bundle React Native code and images */ = {
			isa = PBXShellScriptBuildPhase;
			alwaysOutOfDate = 1;
			buildActionMask = 2147483647;
			files = (
			);
			inputPaths = (
			);
			name = "Bundle React Native code and images";
			outputPaths = (
			);
			runOnlyForDeploymentPostprocessing = 0;
			shellPath = /bin/sh;
			shellScript = "if [[ -f \"$PODS_ROOT/../.xcode.env\" ]]; then\n  source \"$PODS_ROOT/../.xcode.env\"\nfi\nif [[ -f \"$PODS_ROOT/../.xcode.env.local\" ]]; then\n  source \"$PODS_ROOT/../.xcode.env.local\"\nfi\n\n# The project root by default is one level up from the ios directory\nexport PROJECT_ROOT=\"$PROJECT_DIR\"/..\n\nif [[ \"$CONFIGURATION\" = *Debug* ]]; then\n  export SKIP_BUNDLING=1\nfi\nif [[ -z \"$ENTRY_FILE\" ]]; then\n  # Set the entry JS file using the bundler's entry resolution.\n  export ENTRY_FILE=\"$(\"$NODE_BINARY\" -e \"require('expo/scripts/resolveAppEntry')\" \"$PROJECT_ROOT\" ios absolute | tail -n 1)\"\nfi\n\nif [[ -z \"$CLI_PATH\" ]]; then\n  # Use Expo CLI\n  export CLI_PATH=\"$(\"$NODE_BINARY\" --print \"require.resolve('@expo/cli', { paths: [require.resolve('expo/package.json')] })\")\"\nfi\nif [[ -z \"$BUNDLE_COMMAND\" ]]; then\n  # Default Expo CLI command for bundling\n  export BUNDLE_COMMAND=\"export:embed\"\nfi\n\n# Source .xcode.env.updates if it exists to allow\n# SKIP_BUNDLING to be unset if needed\nif [[ -f \"$PODS_ROOT/../.xcode.env.updates\" ]]; then\n  source \"$PODS_ROOT/../.xcode.env.updates\"\nfi\n# Source local changes to allow overrides\n# if needed\nif [[ -f \"$PODS_ROOT/../.xcode.env.local\" ]]; then\n  source \"$PODS_ROOT/../.xcode.env.local\"\nfi\n\n`\"$NODE_BINARY\" --print \"require('path').dirname(require.resolve('react-native/package.json')) + '/scripts/react-native-xcode.sh'\"`\n\n";
		};
		08A4A3CD28434E44B6B9DE2E /* [CP] Check Pods Manifest.lock */ = {
			isa = PBXShellScriptBuildPhase;
			buildActionMask = 2147483647;
			files = (
			);
			inputFileListPaths = (
			);
			inputPaths = (
				"${PODS_PODFILE_DIR_PATH}/Podfile.lock",
				"${PODS_ROOT}/Manifest.lock",
			);
			name = "[CP] Check Pods Manifest.lock";
			outputFileListPaths = (
			);
			outputPaths = (
				"$(DERIVED_FILE_DIR)/Pods-Bluesky-checkManifestLockResult.txt",
			);
			runOnlyForDeploymentPostprocessing = 0;
			shellPath = /bin/sh;
			shellScript = "diff \"${PODS_PODFILE_DIR_PATH}/Podfile.lock\" \"${PODS_ROOT}/Manifest.lock\" > /dev/null\nif [ $? != 0 ] ; then\n    # print error to STDERR\n    echo \"error: The sandbox is not in sync with the Podfile.lock. Run 'pod install' or update your CocoaPods installation.\" >&2\n    exit 1\nfi\n# This output is used by Xcode 'outputs' to avoid re-running this script phase.\necho \"SUCCESS\" > \"${SCRIPT_OUTPUT_FILE_0}\"\n";
			showEnvVarsInLog = 0;
		};
		800E24972A6A228C8D4807E9 /* [CP] Copy Pods Resources */ = {
			isa = PBXShellScriptBuildPhase;
			buildActionMask = 2147483647;
			files = (
			);
			inputPaths = (
				"${PODS_ROOT}/Target Support Files/Pods-Bluesky/Pods-Bluesky-resources.sh",
				"${PODS_CONFIGURATION_BUILD_DIR}/EXApplication/ExpoApplication_privacy.bundle",
				"${PODS_CONFIGURATION_BUILD_DIR}/EXConstants/EXConstants.bundle",
				"${PODS_CONFIGURATION_BUILD_DIR}/EXConstants/ExpoConstants_privacy.bundle",
				"${PODS_CONFIGURATION_BUILD_DIR}/EXNotifications/ExpoNotifications_privacy.bundle",
				"${PODS_CONFIGURATION_BUILD_DIR}/EXTaskManager/ExpoTaskManager_privacy.bundle",
				"${PODS_CONFIGURATION_BUILD_DIR}/EXUpdates/EXUpdates.bundle",
				"${PODS_CONFIGURATION_BUILD_DIR}/ExpoDevice/ExpoDevice_privacy.bundle",
				"${PODS_CONFIGURATION_BUILD_DIR}/ExpoFileSystem/ExpoFileSystem_privacy.bundle",
				"${PODS_CONFIGURATION_BUILD_DIR}/ExpoLocalization/ExpoLocalization_privacy.bundle",
				"${PODS_CONFIGURATION_BUILD_DIR}/ExpoMediaLibrary/ExpoMediaLibrary_privacy.bundle",
				"${PODS_CONFIGURATION_BUILD_DIR}/ExpoSystemUI/ExpoSystemUI_privacy.bundle",
				"${PODS_CONFIGURATION_BUILD_DIR}/RNCAsyncStorage/RNCAsyncStorage_resources.bundle",
				"${PODS_CONFIGURATION_BUILD_DIR}/RNImageCropPicker/RNImageCropPickerPrivacyInfo.bundle",
				"${PODS_CONFIGURATION_BUILD_DIR}/RNImageCropPicker/QBImagePicker.bundle",
				"${PODS_CONFIGURATION_BUILD_DIR}/ReachabilitySwift/ReachabilitySwift.bundle",
				"${PODS_CONFIGURATION_BUILD_DIR}/React-Core/RCTI18nStrings.bundle",
				"${PODS_CONFIGURATION_BUILD_DIR}/SDWebImage/SDWebImage.bundle",
				"${PODS_CONFIGURATION_BUILD_DIR}/Sentry/Sentry.bundle",
				"${PODS_CONFIGURATION_BUILD_DIR}/TOCropViewController/TOCropViewControllerBundle.bundle",
				"${PODS_CONFIGURATION_BUILD_DIR}/expo-dev-launcher/EXDevLauncher.bundle",
				"${PODS_CONFIGURATION_BUILD_DIR}/expo-dev-menu/EXDevMenu.bundle",
			);
			name = "[CP] Copy Pods Resources";
			outputPaths = (
				"${TARGET_BUILD_DIR}/${UNLOCALIZED_RESOURCES_FOLDER_PATH}/ExpoApplication_privacy.bundle",
				"${TARGET_BUILD_DIR}/${UNLOCALIZED_RESOURCES_FOLDER_PATH}/EXConstants.bundle",
				"${TARGET_BUILD_DIR}/${UNLOCALIZED_RESOURCES_FOLDER_PATH}/ExpoConstants_privacy.bundle",
				"${TARGET_BUILD_DIR}/${UNLOCALIZED_RESOURCES_FOLDER_PATH}/ExpoNotifications_privacy.bundle",
				"${TARGET_BUILD_DIR}/${UNLOCALIZED_RESOURCES_FOLDER_PATH}/ExpoTaskManager_privacy.bundle",
				"${TARGET_BUILD_DIR}/${UNLOCALIZED_RESOURCES_FOLDER_PATH}/EXUpdates.bundle",
				"${TARGET_BUILD_DIR}/${UNLOCALIZED_RESOURCES_FOLDER_PATH}/ExpoDevice_privacy.bundle",
				"${TARGET_BUILD_DIR}/${UNLOCALIZED_RESOURCES_FOLDER_PATH}/ExpoFileSystem_privacy.bundle",
				"${TARGET_BUILD_DIR}/${UNLOCALIZED_RESOURCES_FOLDER_PATH}/ExpoLocalization_privacy.bundle",
				"${TARGET_BUILD_DIR}/${UNLOCALIZED_RESOURCES_FOLDER_PATH}/ExpoMediaLibrary_privacy.bundle",
				"${TARGET_BUILD_DIR}/${UNLOCALIZED_RESOURCES_FOLDER_PATH}/ExpoSystemUI_privacy.bundle",
				"${TARGET_BUILD_DIR}/${UNLOCALIZED_RESOURCES_FOLDER_PATH}/RNCAsyncStorage_resources.bundle",
				"${TARGET_BUILD_DIR}/${UNLOCALIZED_RESOURCES_FOLDER_PATH}/RNImageCropPickerPrivacyInfo.bundle",
				"${TARGET_BUILD_DIR}/${UNLOCALIZED_RESOURCES_FOLDER_PATH}/QBImagePicker.bundle",
				"${TARGET_BUILD_DIR}/${UNLOCALIZED_RESOURCES_FOLDER_PATH}/ReachabilitySwift.bundle",
				"${TARGET_BUILD_DIR}/${UNLOCALIZED_RESOURCES_FOLDER_PATH}/RCTI18nStrings.bundle",
				"${TARGET_BUILD_DIR}/${UNLOCALIZED_RESOURCES_FOLDER_PATH}/SDWebImage.bundle",
				"${TARGET_BUILD_DIR}/${UNLOCALIZED_RESOURCES_FOLDER_PATH}/Sentry.bundle",
				"${TARGET_BUILD_DIR}/${UNLOCALIZED_RESOURCES_FOLDER_PATH}/TOCropViewControllerBundle.bundle",
				"${TARGET_BUILD_DIR}/${UNLOCALIZED_RESOURCES_FOLDER_PATH}/EXDevLauncher.bundle",
				"${TARGET_BUILD_DIR}/${UNLOCALIZED_RESOURCES_FOLDER_PATH}/EXDevMenu.bundle",
			);
			runOnlyForDeploymentPostprocessing = 0;
			shellPath = /bin/sh;
			shellScript = "\"${PODS_ROOT}/Target Support Files/Pods-Bluesky/Pods-Bluesky-resources.sh\"\n";
			showEnvVarsInLog = 0;
		};
		A5331C1F40547E3BE880E602 /* [CP] Embed Pods Frameworks */ = {
			isa = PBXShellScriptBuildPhase;
			buildActionMask = 2147483647;
			files = (
			);
			inputPaths = (
				"${PODS_ROOT}/Target Support Files/Pods-Bluesky/Pods-Bluesky-frameworks.sh",
				"${PODS_XCFRAMEWORKS_BUILD_DIR}/EmbraceIO/EmbraceCaptureService/EmbraceCaptureService.framework/EmbraceCaptureService",
				"${PODS_XCFRAMEWORKS_BUILD_DIR}/EmbraceIO/EmbraceCommonInternal/EmbraceCommonInternal.framework/EmbraceCommonInternal",
				"${PODS_XCFRAMEWORKS_BUILD_DIR}/EmbraceIO/EmbraceConfigInternal/EmbraceConfigInternal.framework/EmbraceConfigInternal",
				"${PODS_XCFRAMEWORKS_BUILD_DIR}/EmbraceIO/EmbraceConfiguration/EmbraceConfiguration.framework/EmbraceConfiguration",
				"${PODS_XCFRAMEWORKS_BUILD_DIR}/EmbraceIO/EmbraceCore/EmbraceCore.framework/EmbraceCore",
				"${PODS_XCFRAMEWORKS_BUILD_DIR}/EmbraceIO/EmbraceCrash/EmbraceCrash.framework/EmbraceCrash",
				"${PODS_XCFRAMEWORKS_BUILD_DIR}/EmbraceIO/EmbraceIO/EmbraceIO.framework/EmbraceIO",
				"${PODS_XCFRAMEWORKS_BUILD_DIR}/EmbraceIO/EmbraceOTelInternal/EmbraceOTelInternal.framework/EmbraceOTelInternal",
				"${PODS_XCFRAMEWORKS_BUILD_DIR}/EmbraceIO/EmbraceObjCUtilsInternal/EmbraceObjCUtilsInternal.framework/EmbraceObjCUtilsInternal",
				"${PODS_XCFRAMEWORKS_BUILD_DIR}/EmbraceIO/EmbraceSemantics/EmbraceSemantics.framework/EmbraceSemantics",
				"${PODS_XCFRAMEWORKS_BUILD_DIR}/EmbraceIO/EmbraceStorageInternal/EmbraceStorageInternal.framework/EmbraceStorageInternal",
				"${PODS_XCFRAMEWORKS_BUILD_DIR}/EmbraceIO/EmbraceUploadInternal/EmbraceUploadInternal.framework/EmbraceUploadInternal",
				"${PODS_XCFRAMEWORKS_BUILD_DIR}/EmbraceIO/GRDB/GRDB.framework/GRDB",
				"${PODS_XCFRAMEWORKS_BUILD_DIR}/EmbraceIO/KSCrashCore/KSCrashCore.framework/KSCrashCore",
				"${PODS_XCFRAMEWORKS_BUILD_DIR}/EmbraceIO/KSCrashRecording/KSCrashRecording.framework/KSCrashRecording",
				"${PODS_XCFRAMEWORKS_BUILD_DIR}/EmbraceIO/KSCrashRecordingCore/KSCrashRecordingCore.framework/KSCrashRecordingCore",
				"${PODS_XCFRAMEWORKS_BUILD_DIR}/EmbraceIO/OpenTelemetryApi/OpenTelemetryApi.framework/OpenTelemetryApi",
				"${PODS_XCFRAMEWORKS_BUILD_DIR}/EmbraceIO/OpenTelemetrySdk/OpenTelemetrySdk.framework/OpenTelemetrySdk",
				"${PODS_XCFRAMEWORKS_BUILD_DIR}/hermes-engine/Pre-built/hermes.framework/hermes",
			);
			name = "[CP] Embed Pods Frameworks";
			outputPaths = (
				"${TARGET_BUILD_DIR}/${FRAMEWORKS_FOLDER_PATH}/EmbraceCaptureService.framework",
				"${TARGET_BUILD_DIR}/${FRAMEWORKS_FOLDER_PATH}/EmbraceCommonInternal.framework",
				"${TARGET_BUILD_DIR}/${FRAMEWORKS_FOLDER_PATH}/EmbraceConfigInternal.framework",
				"${TARGET_BUILD_DIR}/${FRAMEWORKS_FOLDER_PATH}/EmbraceConfiguration.framework",
				"${TARGET_BUILD_DIR}/${FRAMEWORKS_FOLDER_PATH}/EmbraceCore.framework",
				"${TARGET_BUILD_DIR}/${FRAMEWORKS_FOLDER_PATH}/EmbraceCrash.framework",
				"${TARGET_BUILD_DIR}/${FRAMEWORKS_FOLDER_PATH}/EmbraceIO.framework",
				"${TARGET_BUILD_DIR}/${FRAMEWORKS_FOLDER_PATH}/EmbraceOTelInternal.framework",
				"${TARGET_BUILD_DIR}/${FRAMEWORKS_FOLDER_PATH}/EmbraceObjCUtilsInternal.framework",
				"${TARGET_BUILD_DIR}/${FRAMEWORKS_FOLDER_PATH}/EmbraceSemantics.framework",
				"${TARGET_BUILD_DIR}/${FRAMEWORKS_FOLDER_PATH}/EmbraceStorageInternal.framework",
				"${TARGET_BUILD_DIR}/${FRAMEWORKS_FOLDER_PATH}/EmbraceUploadInternal.framework",
				"${TARGET_BUILD_DIR}/${FRAMEWORKS_FOLDER_PATH}/GRDB.framework",
				"${TARGET_BUILD_DIR}/${FRAMEWORKS_FOLDER_PATH}/KSCrashCore.framework",
				"${TARGET_BUILD_DIR}/${FRAMEWORKS_FOLDER_PATH}/KSCrashRecording.framework",
				"${TARGET_BUILD_DIR}/${FRAMEWORKS_FOLDER_PATH}/KSCrashRecordingCore.framework",
				"${TARGET_BUILD_DIR}/${FRAMEWORKS_FOLDER_PATH}/OpenTelemetryApi.framework",
				"${TARGET_BUILD_DIR}/${FRAMEWORKS_FOLDER_PATH}/OpenTelemetrySdk.framework",
				"${TARGET_BUILD_DIR}/${FRAMEWORKS_FOLDER_PATH}/hermes.framework",
			);
			runOnlyForDeploymentPostprocessing = 0;
			shellPath = /bin/sh;
			shellScript = "\"${PODS_ROOT}/Target Support Files/Pods-Bluesky/Pods-Bluesky-frameworks.sh\"\n";
			showEnvVarsInLog = 0;
		};
		E88246D1044845EA2009EACB /* [Expo] Configure project */ = {
			isa = PBXShellScriptBuildPhase;
			alwaysOutOfDate = 1;
			buildActionMask = 2147483647;
			files = (
			);
			inputFileListPaths = (
			);
			inputPaths = (
			);
			name = "[Expo] Configure project";
			outputFileListPaths = (
			);
			outputPaths = (
			);
			runOnlyForDeploymentPostprocessing = 0;
			shellPath = /bin/sh;
			shellScript = "# This script configures Expo modules and generates the modules provider file.\nbash -l -c \"./Pods/Target\\ Support\\ Files/Pods-Bluesky/expo-configure-project.sh\"\n";
		};
/* End PBXShellScriptBuildPhase section */

/* Begin PBXSourcesBuildPhase section */
		0EE9577E99CC4138AD696F85 /* Sources */ = {
			isa = PBXSourcesBuildPhase;
			buildActionMask = 2147483647;
			files = (
				8B75B9FD66034EBFA46096B2 /* NotificationService.swift in Sources */,
				95C73F7541B949098456C8C0 /* dm.aiff in Sources */,
			);
			runOnlyForDeploymentPostprocessing = 0;
		};
		13B07F871A680F5B00A75B9A /* Sources */ = {
			isa = PBXSourcesBuildPhase;
			buildActionMask = 2147483647;
			files = (
				13B07FBC1A68108700A75B9A /* AppDelegate.mm in Sources */,
				13B07FC11A68108700A75B9A /* main.m in Sources */,
				B18059E884C0ABDD17F3DC3D /* ExpoModulesProvider.swift in Sources */,
				D0E0B716D8734821B7D34477 /* noop-file.swift in Sources */,
			);
			runOnlyForDeploymentPostprocessing = 0;
		};
		CA054B563B7D435DBCD3ED75 /* Sources */ = {
			isa = PBXSourcesBuildPhase;
			buildActionMask = 2147483647;
			files = (
				8FB0FB98B6F642A2803E2379 /* AppDelegate.swift in Sources */,
				3575FE0FC49049F8BC0F158F /* ViewController.swift in Sources */,
			);
			runOnlyForDeploymentPostprocessing = 0;
		};
		F12873DE983345248967882C /* Sources */ = {
			isa = PBXSourcesBuildPhase;
			buildActionMask = 2147483647;
			files = (
				62B6658B794B44D3A302C88F /* ShareViewController.swift in Sources */,
			);
			runOnlyForDeploymentPostprocessing = 0;
		};
/* End PBXSourcesBuildPhase section */

/* Begin PBXTargetDependency section */
		C5E0DC0408BD4B0386CAB4CF /* PBXTargetDependency */ = {
			isa = PBXTargetDependency;
			target = A9284ED1FFAE443F9088F512 /* BlueskyClip */;
			targetProxy = B480CD23A4F54399805736DD /* PBXContainerItemProxy */;
		};
/* End PBXTargetDependency section */

/* Begin XCBuildConfiguration section */
		13B07F941A680F5B00A75B9A /* Debug */ = {
			isa = XCBuildConfiguration;
			baseConfigurationReference = 6C2E3173556A471DD304B334 /* Pods-Bluesky.debug.xcconfig */;
			buildSettings = {
				ASSETCATALOG_COMPILER_APPICON_NAME = AppIcon;
				CLANG_ENABLE_MODULES = YES;
				CODE_SIGN_ENTITLEMENTS = Bluesky/Bluesky.entitlements;
				CURRENT_PROJECT_VERSION = 1;
				ENABLE_BITCODE = NO;
				GCC_PREPROCESSOR_DEFINITIONS = (
					"$(inherited)",
					"FB_SONARKIT_ENABLED=1",
				);
				INFOPLIST_FILE = Bluesky/Info.plist;
				IPHONEOS_DEPLOYMENT_TARGET = 15.1;
				LD_RUNPATH_SEARCH_PATHS = "$(inherited) @executable_path/Frameworks";
				MARKETING_VERSION = 1.0;
				OTHER_LDFLAGS = (
					"$(inherited)",
					"-ObjC",
					"-lc++",
				);
				OTHER_SWIFT_FLAGS = "$(inherited) -D EXPO_CONFIGURATION_DEBUG";
				PRODUCT_BUNDLE_IDENTIFIER = xyz.blueskyweb.app;
				PRODUCT_NAME = Bluesky;
				SWIFT_OBJC_BRIDGING_HEADER = "Bluesky/Bluesky-Bridging-Header.h";
				SWIFT_OPTIMIZATION_LEVEL = "-Onone";
				SWIFT_VERSION = 5.0;
				TARGETED_DEVICE_FAMILY = 1;
				VERSIONING_SYSTEM = "apple-generic";
				DEVELOPMENT_TEAM = "L5RVT7J8CV";
				CODE_SIGN_IDENTITY = "Apple Development";
				CODE_SIGN_STYLE = Automatic;
			};
			name = Debug;
		};
		13B07F951A680F5B00A75B9A /* Release */ = {
			isa = XCBuildConfiguration;
			baseConfigurationReference = 7A4D352CD337FB3A3BF06240 /* Pods-Bluesky.release.xcconfig */;
			buildSettings = {
				ASSETCATALOG_COMPILER_APPICON_NAME = AppIcon;
				CLANG_ENABLE_MODULES = YES;
				CODE_SIGN_ENTITLEMENTS = Bluesky/Bluesky.entitlements;
				CURRENT_PROJECT_VERSION = 1;
				INFOPLIST_FILE = Bluesky/Info.plist;
				IPHONEOS_DEPLOYMENT_TARGET = 15.1;
				LD_RUNPATH_SEARCH_PATHS = "$(inherited) @executable_path/Frameworks";
				MARKETING_VERSION = 1.0;
				OTHER_LDFLAGS = (
					"$(inherited)",
					"-ObjC",
					"-lc++",
				);
				OTHER_SWIFT_FLAGS = "$(inherited) -D EXPO_CONFIGURATION_RELEASE";
				PRODUCT_BUNDLE_IDENTIFIER = xyz.blueskyweb.app;
				PRODUCT_NAME = Bluesky;
				SWIFT_OBJC_BRIDGING_HEADER = "Bluesky/Bluesky-Bridging-Header.h";
				SWIFT_VERSION = 5.0;
				TARGETED_DEVICE_FAMILY = 1;
				VERSIONING_SYSTEM = "apple-generic";
				DEVELOPMENT_TEAM = "L5RVT7J8CV";
				CODE_SIGN_IDENTITY = "Apple Development";
				CODE_SIGN_STYLE = Automatic;
			};
			name = Release;
		};
		6B1548704A3E42C88E5210C0 /* Debug */ = {
			isa = XCBuildConfiguration;
			buildSettings = {
				ASSETCATALOG_COMPILER_APPICON_NAME = AppIcon;
				CLANG_ENABLE_MODULES = YES;
				CODE_SIGN_ENTITLEMENTS = BlueskyClip/BlueskyClip.entitlements;
				CODE_SIGN_STYLE = Automatic;
				CURRENT_PROJECT_VERSION = 1;
				DEVELOPMENT_TEAM = "L5RVT7J8CV";
				GCC_PREPROCESSOR_DEFINITIONS = (
					"DEBUG=1",
					"$(inherited)",
				);
				GENERATE_INFOPLIST_FILE = YES;
				INFOPLIST_FILE = BlueskyClip/Info.plist;
				IPHONEOS_DEPLOYMENT_TARGET = 15.1;
				LD_RUNPATH_SEARCH_PATHS = "$(inherited) @executable_path/Frameworks @executable_path/../../Frameworks";
				MARKETING_VERSION = 1.95.0;
				OTHER_SWIFT_FLAGS = "$(inherited) -D EXPO_CONFIGURATION_DEBUG";
				PRODUCT_BUNDLE_IDENTIFIER = xyz.blueskyweb.app.AppClip;
				PRODUCT_NAME = BlueskyClip;
				SKIP_INSTALL = YES;
				SWIFT_EMIT_LOC_STRINGS = YES;
				SWIFT_VERSION = 5.0;
				TARGETED_DEVICE_FAMILY = 1;
				CODE_SIGN_IDENTITY = "Apple Development";
			};
			name = Debug;
		};
		72F9A38473C54FEB847CFD5C /* Debug */ = {
			isa = XCBuildConfiguration;
			buildSettings = {
				CLANG_ENABLE_MODULES = YES;
				CODE_SIGN_ENTITLEMENTS = BlueskyNSE/BlueskyNSE.entitlements;
				CODE_SIGN_STYLE = Automatic;
				CURRENT_PROJECT_VERSION = undefined;
				DEVELOPMENT_TEAM = "L5RVT7J8CV";
				GCC_PREPROCESSOR_DEFINITIONS = (
					"DEBUG=1",
					"$(inherited)",
				);
				GENERATE_INFOPLIST_FILE = YES;
				INFOPLIST_FILE = BlueskyNSE/Info.plist;
				LD_RUNPATH_SEARCH_PATHS = "$(inherited) @executable_path/Frameworks @executable_path/../../Frameworks";
				MARKETING_VERSION = 1.95.0;
				OTHER_SWIFT_FLAGS = "$(inherited) -D EXPO_CONFIGURATION_DEBUG";
				PRODUCT_BUNDLE_IDENTIFIER = xyz.blueskyweb.app.BlueskyNSE;
				PRODUCT_NAME = BlueskyNSE;
				SKIP_INSTALL = YES;
				SWIFT_EMIT_LOC_STRINGS = YES;
				SWIFT_VERSION = 5.0;
				TARGETED_DEVICE_FAMILY = "1,2";
				CODE_SIGN_IDENTITY = "Apple Development";
			};
			name = Debug;
		};
		83CBBA201A601CBA00E9B192 /* Debug */ = {
			isa = XCBuildConfiguration;
			buildSettings = {
				ALWAYS_SEARCH_USER_PATHS = NO;
				CC = "";
				CLANG_ANALYZER_LOCALIZABILITY_NONLOCALIZED = YES;
				CLANG_CXX_LANGUAGE_STANDARD = "c++20";
				CLANG_CXX_LIBRARY = "libc++";
				CLANG_ENABLE_MODULES = YES;
				CLANG_ENABLE_OBJC_ARC = YES;
				CLANG_WARN_BLOCK_CAPTURE_AUTORELEASING = YES;
				CLANG_WARN_BOOL_CONVERSION = YES;
				CLANG_WARN_COMMA = YES;
				CLANG_WARN_CONSTANT_CONVERSION = YES;
				CLANG_WARN_DEPRECATED_OBJC_IMPLEMENTATIONS = YES;
				CLANG_WARN_DIRECT_OBJC_ISA_USAGE = YES_ERROR;
				CLANG_WARN_EMPTY_BODY = YES;
				CLANG_WARN_ENUM_CONVERSION = YES;
				CLANG_WARN_INFINITE_RECURSION = YES;
				CLANG_WARN_INT_CONVERSION = YES;
				CLANG_WARN_NON_LITERAL_NULL_CONVERSION = YES;
				CLANG_WARN_OBJC_IMPLICIT_RETAIN_SELF = YES;
				CLANG_WARN_OBJC_LITERAL_CONVERSION = YES;
				CLANG_WARN_OBJC_ROOT_CLASS = YES_ERROR;
				CLANG_WARN_RANGE_LOOP_ANALYSIS = YES;
				CLANG_WARN_STRICT_PROTOTYPES = YES;
				CLANG_WARN_SUSPICIOUS_MOVE = YES;
				CLANG_WARN_UNREACHABLE_CODE = YES;
				CLANG_WARN__DUPLICATE_METHOD_MATCH = YES;
				"CODE_SIGN_IDENTITY[sdk=iphoneos*]" = "iPhone Developer";
				COPY_PHASE_STRIP = NO;
				CXX = "";
				ENABLE_STRICT_OBJC_MSGSEND = YES;
				ENABLE_TESTABILITY = YES;
				GCC_C_LANGUAGE_STANDARD = gnu99;
				GCC_DYNAMIC_NO_PIC = NO;
				GCC_NO_COMMON_BLOCKS = YES;
				GCC_OPTIMIZATION_LEVEL = 0;
				GCC_PREPROCESSOR_DEFINITIONS = (
					"DEBUG=1",
					"$(inherited)",
				);
				GCC_SYMBOLS_PRIVATE_EXTERN = NO;
				GCC_WARN_64_TO_32_BIT_CONVERSION = YES;
				GCC_WARN_ABOUT_RETURN_TYPE = YES_ERROR;
				GCC_WARN_UNDECLARED_SELECTOR = YES;
				GCC_WARN_UNINITIALIZED_AUTOS = YES_AGGRESSIVE;
				GCC_WARN_UNUSED_FUNCTION = YES;
				GCC_WARN_UNUSED_VARIABLE = YES;
				IPHONEOS_DEPLOYMENT_TARGET = 13.4;
				LD = "";
				LDPLUSPLUS = "";
				LD_RUNPATH_SEARCH_PATHS = "/usr/lib/swift $(inherited)";
				LIBRARY_SEARCH_PATHS = "$(SDKROOT)/usr/lib/swift\"$(inherited)\"";
				MTL_ENABLE_DEBUG_INFO = YES;
				ONLY_ACTIVE_ARCH = YES;
				OTHER_LDFLAGS = (
					"$(inherited)",
					" ",
				);
				REACT_NATIVE_PATH = "${PODS_ROOT}/../../node_modules/react-native";
				SDKROOT = iphoneos;
				USE_HERMES = true;
			};
			name = Debug;
		};
		83CBBA211A601CBA00E9B192 /* Release */ = {
			isa = XCBuildConfiguration;
			buildSettings = {
				ALWAYS_SEARCH_USER_PATHS = NO;
				CC = "";
				CLANG_ANALYZER_LOCALIZABILITY_NONLOCALIZED = YES;
				CLANG_CXX_LANGUAGE_STANDARD = "c++20";
				CLANG_CXX_LIBRARY = "libc++";
				CLANG_ENABLE_MODULES = YES;
				CLANG_ENABLE_OBJC_ARC = YES;
				CLANG_WARN_BLOCK_CAPTURE_AUTORELEASING = YES;
				CLANG_WARN_BOOL_CONVERSION = YES;
				CLANG_WARN_COMMA = YES;
				CLANG_WARN_CONSTANT_CONVERSION = YES;
				CLANG_WARN_DEPRECATED_OBJC_IMPLEMENTATIONS = YES;
				CLANG_WARN_DIRECT_OBJC_ISA_USAGE = YES_ERROR;
				CLANG_WARN_EMPTY_BODY = YES;
				CLANG_WARN_ENUM_CONVERSION = YES;
				CLANG_WARN_INFINITE_RECURSION = YES;
				CLANG_WARN_INT_CONVERSION = YES;
				CLANG_WARN_NON_LITERAL_NULL_CONVERSION = YES;
				CLANG_WARN_OBJC_IMPLICIT_RETAIN_SELF = YES;
				CLANG_WARN_OBJC_LITERAL_CONVERSION = YES;
				CLANG_WARN_OBJC_ROOT_CLASS = YES_ERROR;
				CLANG_WARN_RANGE_LOOP_ANALYSIS = YES;
				CLANG_WARN_STRICT_PROTOTYPES = YES;
				CLANG_WARN_SUSPICIOUS_MOVE = YES;
				CLANG_WARN_UNREACHABLE_CODE = YES;
				CLANG_WARN__DUPLICATE_METHOD_MATCH = YES;
				"CODE_SIGN_IDENTITY[sdk=iphoneos*]" = "iPhone Developer";
				COPY_PHASE_STRIP = YES;
				CXX = "";
				ENABLE_NS_ASSERTIONS = NO;
				ENABLE_STRICT_OBJC_MSGSEND = YES;
				GCC_C_LANGUAGE_STANDARD = gnu99;
				GCC_NO_COMMON_BLOCKS = YES;
				GCC_WARN_64_TO_32_BIT_CONVERSION = YES;
				GCC_WARN_ABOUT_RETURN_TYPE = YES_ERROR;
				GCC_WARN_UNDECLARED_SELECTOR = YES;
				GCC_WARN_UNINITIALIZED_AUTOS = YES_AGGRESSIVE;
				GCC_WARN_UNUSED_FUNCTION = YES;
				GCC_WARN_UNUSED_VARIABLE = YES;
				IPHONEOS_DEPLOYMENT_TARGET = 13.4;
				LD = "";
				LDPLUSPLUS = "";
				LD_RUNPATH_SEARCH_PATHS = "/usr/lib/swift $(inherited)";
				LIBRARY_SEARCH_PATHS = "$(SDKROOT)/usr/lib/swift\"$(inherited)\"";
				MTL_ENABLE_DEBUG_INFO = NO;
				OTHER_LDFLAGS = (
					"$(inherited)",
					" ",
				);
				REACT_NATIVE_PATH = "${PODS_ROOT}/../../node_modules/react-native";
				SDKROOT = iphoneos;
				USE_HERMES = true;
				VALIDATE_PRODUCT = YES;
			};
			name = Release;
		};
		91FA37EC280841328C6C1DC1 /* Release */ = {
			isa = XCBuildConfiguration;
			buildSettings = {
				CLANG_ENABLE_MODULES = YES;
				CODE_SIGN_ENTITLEMENTS = "Share-with-Bluesky/Share-with-Bluesky.entitlements";
				CODE_SIGN_STYLE = Automatic;
				CURRENT_PROJECT_VERSION = undefined;
				DEVELOPMENT_TEAM = "L5RVT7J8CV";
				GENERATE_INFOPLIST_FILE = YES;
				INFOPLIST_FILE = "Share-with-Bluesky/Info.plist";
				LD_RUNPATH_SEARCH_PATHS = "$(inherited) @executable_path/Frameworks @executable_path/../../Frameworks";
				MARKETING_VERSION = 1.95.0;
				OTHER_SWIFT_FLAGS = "$(inherited) -D EXPO_CONFIGURATION_RELEASE";
				PRODUCT_BUNDLE_IDENTIFIER = "xyz.blueskyweb.app.Share-with-Bluesky";
				PRODUCT_NAME = "Share-with-Bluesky";
				SKIP_INSTALL = YES;
				SWIFT_EMIT_LOC_STRINGS = YES;
				SWIFT_VERSION = 5.0;
				TARGETED_DEVICE_FAMILY = "1,2";
				CODE_SIGN_IDENTITY = "Apple Development";
			};
			name = Release;
		};
		B33B162B338945BE962CB67A /* Release */ = {
			isa = XCBuildConfiguration;
			buildSettings = {
				ASSETCATALOG_COMPILER_APPICON_NAME = AppIcon;
				CLANG_ENABLE_MODULES = YES;
				CODE_SIGN_ENTITLEMENTS = BlueskyClip/BlueskyClip.entitlements;
				CODE_SIGN_STYLE = Automatic;
				CURRENT_PROJECT_VERSION = 1;
				DEVELOPMENT_TEAM = "L5RVT7J8CV";
				GENERATE_INFOPLIST_FILE = YES;
				INFOPLIST_FILE = BlueskyClip/Info.plist;
				IPHONEOS_DEPLOYMENT_TARGET = 15.1;
				LD_RUNPATH_SEARCH_PATHS = "$(inherited) @executable_path/Frameworks @executable_path/../../Frameworks";
				MARKETING_VERSION = 1.95.0;
				OTHER_SWIFT_FLAGS = "$(inherited) -D EXPO_CONFIGURATION_RELEASE";
				PRODUCT_BUNDLE_IDENTIFIER = xyz.blueskyweb.app.AppClip;
				PRODUCT_NAME = BlueskyClip;
				SKIP_INSTALL = YES;
				SWIFT_EMIT_LOC_STRINGS = YES;
				SWIFT_VERSION = 5.0;
				TARGETED_DEVICE_FAMILY = 1;
				CODE_SIGN_IDENTITY = "Apple Development";
			};
			name = Release;
		};
		D546A1F621F949A884BF7A4A /* Debug */ = {
			isa = XCBuildConfiguration;
			buildSettings = {
				CLANG_ENABLE_MODULES = YES;
				CODE_SIGN_ENTITLEMENTS = "Share-with-Bluesky/Share-with-Bluesky.entitlements";
				CODE_SIGN_STYLE = Automatic;
				CURRENT_PROJECT_VERSION = undefined;
				DEVELOPMENT_TEAM = "L5RVT7J8CV";
				GCC_PREPROCESSOR_DEFINITIONS = (
					"DEBUG=1",
					"$(inherited)",
				);
				GENERATE_INFOPLIST_FILE = YES;
				INFOPLIST_FILE = "Share-with-Bluesky/Info.plist";
				LD_RUNPATH_SEARCH_PATHS = "$(inherited) @executable_path/Frameworks @executable_path/../../Frameworks";
				MARKETING_VERSION = 1.95.0;
				OTHER_SWIFT_FLAGS = "$(inherited) -D EXPO_CONFIGURATION_DEBUG";
				PRODUCT_BUNDLE_IDENTIFIER = "xyz.blueskyweb.app.Share-with-Bluesky";
				PRODUCT_NAME = "Share-with-Bluesky";
				SKIP_INSTALL = YES;
				SWIFT_EMIT_LOC_STRINGS = YES;
				SWIFT_VERSION = 5.0;
				TARGETED_DEVICE_FAMILY = "1,2";
				CODE_SIGN_IDENTITY = "Apple Development";
			};
			name = Debug;
		};
		E80550C8A89C43C6B231C68C /* Release */ = {
			isa = XCBuildConfiguration;
			buildSettings = {
				CLANG_ENABLE_MODULES = YES;
				CODE_SIGN_ENTITLEMENTS = BlueskyNSE/BlueskyNSE.entitlements;
				CODE_SIGN_STYLE = Automatic;
				CURRENT_PROJECT_VERSION = undefined;
				DEVELOPMENT_TEAM = "L5RVT7J8CV";
				GENERATE_INFOPLIST_FILE = YES;
				INFOPLIST_FILE = BlueskyNSE/Info.plist;
				LD_RUNPATH_SEARCH_PATHS = "$(inherited) @executable_path/Frameworks @executable_path/../../Frameworks";
				MARKETING_VERSION = 1.95.0;
				OTHER_SWIFT_FLAGS = "$(inherited) -D EXPO_CONFIGURATION_RELEASE";
				PRODUCT_BUNDLE_IDENTIFIER = xyz.blueskyweb.app.BlueskyNSE;
				PRODUCT_NAME = BlueskyNSE;
				SKIP_INSTALL = YES;
				SWIFT_EMIT_LOC_STRINGS = YES;
				SWIFT_VERSION = 5.0;
				TARGETED_DEVICE_FAMILY = "1,2";
				CODE_SIGN_IDENTITY = "Apple Development";
			};
			name = Release;
		};
/* End XCBuildConfiguration section */

/* Begin XCConfigurationList section */
		13B07F931A680F5B00A75B9A /* Build configuration list for PBXNativeTarget "Bluesky" */ = {
			isa = XCConfigurationList;
			buildConfigurations = (
				13B07F941A680F5B00A75B9A /* Debug */,
				13B07F951A680F5B00A75B9A /* Release */,
			);
			defaultConfigurationIsVisible = 0;
			defaultConfigurationName = Release;
		};
		69DAC26A98894D7BBF3312A8 /* Build configuration list for PBXNativeTarget "Share-with-Bluesky" */ = {
			isa = XCConfigurationList;
			buildConfigurations = (
				D546A1F621F949A884BF7A4A /* Debug */,
				91FA37EC280841328C6C1DC1 /* Release */,
			);
			defaultConfigurationIsVisible = 0;
			defaultConfigurationName = Release;
		};
		83CBB9FA1A601CBA00E9B192 /* Build configuration list for PBXProject "Bluesky" */ = {
			isa = XCConfigurationList;
			buildConfigurations = (
				83CBBA201A601CBA00E9B192 /* Debug */,
				83CBBA211A601CBA00E9B192 /* Release */,
			);
			defaultConfigurationIsVisible = 0;
			defaultConfigurationName = Release;
		};
		8DFBBEDFD20E400AAAC0A39B /* Build configuration list for PBXNativeTarget "BlueskyClip" */ = {
			isa = XCConfigurationList;
			buildConfigurations = (
				6B1548704A3E42C88E5210C0 /* Debug */,
				B33B162B338945BE962CB67A /* Release */,
			);
			defaultConfigurationIsVisible = 0;
			defaultConfigurationName = Release;
		};
		ABE2910A134B472DB6EECAA4 /* Build configuration list for PBXNativeTarget "BlueskyNSE" */ = {
			isa = XCConfigurationList;
			buildConfigurations = (
				72F9A38473C54FEB847CFD5C /* Debug */,
				E80550C8A89C43C6B231C68C /* Release */,
			);
			defaultConfigurationIsVisible = 0;
			defaultConfigurationName = Release;
		};
/* End XCConfigurationList section */
	};
	rootObject = 83CBB9F71A601CBA00E9B192 /* Project object */;
}
